# This file is autogenerated, do not edit; changes may be undone by the next 'dep ensure'.


[[projects]]
  name = "github.com/pkg/errors"
  packages = ["."]
  revision = "e8c21980b626a566acd580f91bc8f68921796ec5"
  version = "v0.5.1"

[solve-meta]
  analyzer-name = "dep"
  analyzer-version = 1
  inputs-digest = "9b5177b84f201430040e7b8111ab686c7a75096420395bb500eec6552572dd3c"
  solver-name = "gps-cdcl"
  solver-version = 1
